
Microsoft Visual Studio Solution File, Format Version 12.00
# Visual Studio Version 17
VisualStudioVersion = 17.4.33213.308
MinimumVisualStudioVersion = 10.0.40219.1
Project("{FAE04EC0-301F-11D3-BF4B-00C04F79EFBC}") = "AraratBankRates", "AraratBankRates\AraratBankRates.csproj", "{929BB1E0-1BA8-472E-85C3-505DDA5036E1}"
EndProject
Project("{FAE04EC0-301F-11D3-BF4B-00C04F79EFBC}") = "AraratBankRatesAPI", "AraratBankRatesAPI\AraratBankRatesAPI.csproj", "{43DF0778-B39D-406D-AAAB-4E42DBA2A51D}"
EndProject
Global
	GlobalSection(SolutionConfigurationPlatforms) = preSolution
		Debug|Any CPU = Debug|Any CPU
		Release|Any CPU = Release|Any CPU
	EndGlobalSection
	GlobalSection(ProjectConfigurationPlatforms) = postSolution
		{929BB1E0-1BA8-472E-85C3-505DDA5036E1}.Debug|Any CPU.ActiveCfg = Debug|Any CPU
		{929BB1E0-1BA8-472E-85C3-505DDA5036E1}.Debug|Any CPU.Build.0 = Debug|Any CPU
		{929BB1E0-1BA8-472E-85C3-505DDA5036E1}.Release|Any CPU.ActiveCfg = Release|Any CPU
		{929BB1E0-1BA8-472E-85C3-505DDA5036E1}.Release|Any CPU.Build.0 = Release|Any CPU
		{43DF0778-B39D-406D-AAAB-4E42DBA2A51D}.Debug|Any CPU.ActiveCfg = Debug|Any CPU
		{43DF0778-B39D-406D-AAAB-4E42DBA2A51D}.Debug|Any CPU.Build.0 = Debug|Any CPU
		{43DF0778-B39D-406D-AAAB-4E42DBA2A51D}.Release|Any CPU.ActiveCfg = Release|Any CPU
		{43DF0778-B39D-406D-AAAB-4E42DBA2A51D}.Release|Any CPU.Build.0 = Release|Any CPU
	EndGlobalSection
	GlobalSection(SolutionProperties) = preSolution
		HideSolutionNode = FALSE
	EndGlobalSection
	GlobalSection(ExtensibilityGlobals) = postSolution
		SolutionGuid = {944A6328-0DAF-423C-9136-FAEF0EFC1BF3}
	EndGlobalSection
EndGlobal
